
Microsoft Visual Studio Solution File, Format Version 12.00
# Visual Studio Version 16
VisualStudioVersion = 16.0.30907.101
MinimumVisualStudioVersion = 10.0.40219.1
Project("{FAE04EC0-301F-11D3-BF4B-00C04F79EFBC}") = "Gr76OOP2", "Gr76OOP2\Gr76OOP2.csproj", "{5AB81633-241B-4BE9-9E89-2B9C81EC92E5}"
EndProject
Global
	GlobalSection(SolutionConfigurationPlatforms) = preSolution
		Debug|Any CPU = Debug|Any CPU
		Release|Any CPU = Release|Any CPU
	EndGlobalSection
	GlobalSection(ProjectConfigurationPlatforms) = postSolution
		{5AB81633-241B-4BE9-9E89-2B9C81EC92E5}.Debug|Any CPU.ActiveCfg = Debug|Any CPU
		{5AB81633-241B-4BE9-9E89-2B9C81EC92E5}.Debug|Any CPU.Build.0 = Debug|Any CPU
		{5AB81633-241B-4BE9-9E89-2B9C81EC92E5}.Release|Any CPU.ActiveCfg = Release|Any CPU
		{5AB81633-241B-4BE9-9E89-2B9C81EC92E5}.Release|Any CPU.Build.0 = Release|Any CPU
	EndGlobalSection
	GlobalSection(SolutionProperties) = preSolution
		HideSolutionNode = FALSE
	EndGlobalSection
	GlobalSection(ExtensibilityGlobals) = postSolution
		SolutionGuid = {6A055B68-C99A-40DC-B590-412E0A28F36A}
	EndGlobalSection
EndGlobal
